
Microsoft Visual Studio Solution File, Format Version 12.00
# Visual Studio Version 16
VisualStudioVersion = 16.0.28922.388
MinimumVisualStudioVersion = 10.0.40219.1
Project("{FAE04EC0-301F-11D3-BF4B-00C04F79EFBC}") = "BtoFanControl", "BtoFanControl\BtoFanControl.csproj", "{E91859BD-7435-4368-98E2-99B4D457A13C}"
EndProject
Global
	GlobalSection(SolutionConfigurationPlatforms) = preSolution
		Debug|Any CPU = Debug|Any CPU
		Release|Any CPU = Release|Any CPU
	EndGlobalSection
	GlobalSection(ProjectConfigurationPlatforms) = postSolution
		{E91859BD-7435-4368-98E2-99B4D457A13C}.Debug|Any CPU.ActiveCfg = Debug|Any CPU
		{E91859BD-7435-4368-98E2-99B4D457A13C}.Debug|Any CPU.Build.0 = Debug|Any CPU
		{E91859BD-7435-4368-98E2-99B4D457A13C}.Release|Any CPU.ActiveCfg = Release|Any CPU
		{E91859BD-7435-4368-98E2-99B4D457A13C}.Release|Any CPU.Build.0 = Release|Any CPU
	EndGlobalSection
	GlobalSection(SolutionProperties) = preSolution
		HideSolutionNode = FALSE
	EndGlobalSection
	GlobalSection(ExtensibilityGlobals) = postSolution
		SolutionGuid = {11B6BFC6-E1F1-435E-B9BE-396B7C036716}
	EndGlobalSection
EndGlobal
